
Microsoft Visual Studio Solution File, Format Version 12.00
# Visual Studio 15
VisualStudioVersion = 15.0.28010.2036
MinimumVisualStudioVersion = 10.0.40219.1
Project("{FAE04EC0-301F-11D3-BF4B-00C04F79EFBC}") = "Auditoria", "Auditoria.csproj", "{B0FB3BC1-1EFC-4AA1-B211-819F95EA360C}"
EndProject
Global
	GlobalSection(SolutionConfigurationPlatforms) = preSolution
		Debug|Any CPU = Debug|Any CPU
		Release|Any CPU = Release|Any CPU
	EndGlobalSection
	GlobalSection(ProjectConfigurationPlatforms) = postSolution
		{B0FB3BC1-1EFC-4AA1-B211-819F95EA360C}.Debug|Any CPU.ActiveCfg = Debug|Any CPU
		{B0FB3BC1-1EFC-4AA1-B211-819F95EA360C}.Debug|Any CPU.Build.0 = Debug|Any CPU
		{B0FB3BC1-1EFC-4AA1-B211-819F95EA360C}.Release|Any CPU.ActiveCfg = Release|Any CPU
		{B0FB3BC1-1EFC-4AA1-B211-819F95EA360C}.Release|Any CPU.Build.0 = Release|Any CPU
	EndGlobalSection
	GlobalSection(SolutionProperties) = preSolution
		HideSolutionNode = FALSE
	EndGlobalSection
	GlobalSection(ExtensibilityGlobals) = postSolution
		SolutionGuid = {EAC4B352-E71A-468E-8311-29BA251DD0CD}
	EndGlobalSection
EndGlobal
