
Microsoft Visual Studio Solution File, Format Version 12.00
# Visual Studio Version 16
VisualStudioVersion = 16.0.30413.136
MinimumVisualStudioVersion = 10.0.40219.1
Project("{FAE04EC0-301F-11D3-BF4B-00C04F79EFBC}") = "MaestraTerceros", "MaestraTerceros.csproj", "{BB59CF7A-A9D2-4E8D-8FF5-A883D995B81B}"
EndProject
Project("{FAE04EC0-301F-11D3-BF4B-00C04F79EFBC}") = "PasarSaldosContabilidad", "..\PasarSaldosContabilidad\PasarSaldosContabilidad.csproj", "{1A86E4A2-9971-4B42-BE53-831C81A7F55B}"
EndProject
Project("{FAE04EC0-301F-11D3-BF4B-00C04F79EFBC}") = "PasarSaldosActivoFijos", "..\PasarSaldosActivoFijos\PasarSaldosActivoFijos.csproj", "{AE40E6BC-E48D-4A30-8C62-6B309D9D3630}"
EndProject
Project("{FAE04EC0-301F-11D3-BF4B-00C04F79EFBC}") = "ReclasificacionActivosFijos", "..\ReclasificacionActivosFijos\ReclasificacionActivosFijos.csproj", "{6C582B52-4981-4655-96C5-016633573749}"
EndProject
Project("{FAE04EC0-301F-11D3-BF4B-00C04F79EFBC}") = "ImpresionDocumentos", "..\ImpresionDocumentos\ImpresionDocumentos.csproj", "{22EB957F-03E5-46D3-9259-12BDE8C9B16C}"
EndProject
Project("{FAE04EC0-301F-11D3-BF4B-00C04F79EFBC}") = "ConsultaMovimientoDoc", "..\ConsultaMovimientoDoc\ConsultaMovimientoDoc.csproj", "{B33CB715-4D44-4807-972C-DC79BE85B2A0}"
EndProject
Project("{FAE04EC0-301F-11D3-BF4B-00C04F79EFBC}") = "ConsultaMovimientoDocTercero", "..\ConsultaMovimientoDocTercero\ConsultaMovimientoDocTercero.csproj", "{DB1EA935-942B-4C5C-B0A1-7D34E4CDB8CA}"
EndProject
Project("{FAE04EC0-301F-11D3-BF4B-00C04F79EFBC}") = "MaestraDiferidos", "..\MaestraDiferidos\MaestraDiferidos.csproj", "{C3280330-7C54-4808-8846-0DA6DBC46B45}"
EndProject
Project("{FAE04EC0-301F-11D3-BF4B-00C04F79EFBC}") = "Co_Balance", "..\Co_Balance\Co_Balance.csproj", "{C419B3B0-2AD6-42F6-963A-C28D433BFF79}"
EndProject
Project("{FAE04EC0-301F-11D3-BF4B-00C04F79EFBC}") = "CierreEjercicio", "..\CierreEjercicio\CierreEjercicio.csproj", "{DF455E11-B6B7-407F-9250-CEA81005347E}"
EndProject
Project("{FAE04EC0-301F-11D3-BF4B-00C04F79EFBC}") = "CierreTerceros", "..\CierreTerceros\CierreTerceros.csproj", "{6B3DBBBC-A82B-48B0-814A-1C20A38976D6}"
EndProject
Project("{FAE04EC0-301F-11D3-BF4B-00C04F79EFBC}") = "ReclasificacionCuentasXLS", "..\ReclasificacionCuentasXLS\ReclasificacionCuentasXLS.csproj", "{8F6FD679-9598-49DB-B3B7-6D4881B50FE8}"
EndProject
Project("{FAE04EC0-301F-11D3-BF4B-00C04F79EFBC}") = "Importacion740", "..\Importacion740\Importacion740.csproj", "{C8246326-FB32-433B-98D8-F04612819427}"
EndProject
Project("{FAE04EC0-301F-11D3-BF4B-00C04F79EFBC}") = "ArmotizacionDiferidos", "..\ArmotizacionDiferidos\ArmotizacionDiferidos.csproj", "{0F4F7ADB-8EA6-481C-852C-62F15A8AA830}"
EndProject
Project("{FAE04EC0-301F-11D3-BF4B-00C04F79EFBC}") = "DeterioroCuentasPorCobrar", "..\DeterioroCuentasPorCobrar\DeterioroCuentasPorCobrar.csproj", "{84194AA7-F730-4D92-882A-C91655FF1DE0}"
EndProject
Project("{FAE04EC0-301F-11D3-BF4B-00C04F79EFBC}") = "AnalisisDeCartera", "..\AnalisisDeCartera\AnalisisDeCartera.csproj", "{50FB6FED-2639-4372-8553-4D7AD49DEC96}"
EndProject
Project("{FAE04EC0-301F-11D3-BF4B-00C04F79EFBC}") = "ImportacionTerceros", "..\ImportacionTerceros\ImportacionTerceros.csproj", "{664BF8DA-7D9A-4E94-8832-0A3EAE72A8E2}"
EndProject
Global
	GlobalSection(SolutionConfigurationPlatforms) = preSolution
		Debug|Any CPU = Debug|Any CPU
		Release|Any CPU = Release|Any CPU
	EndGlobalSection
	GlobalSection(ProjectConfigurationPlatforms) = postSolution
		{BB59CF7A-A9D2-4E8D-8FF5-A883D995B81B}.Debug|Any CPU.ActiveCfg = Debug|Any CPU
		{BB59CF7A-A9D2-4E8D-8FF5-A883D995B81B}.Debug|Any CPU.Build.0 = Debug|Any CPU
		{BB59CF7A-A9D2-4E8D-8FF5-A883D995B81B}.Release|Any CPU.ActiveCfg = Release|Any CPU
		{BB59CF7A-A9D2-4E8D-8FF5-A883D995B81B}.Release|Any CPU.Build.0 = Release|Any CPU
		{1A86E4A2-9971-4B42-BE53-831C81A7F55B}.Debug|Any CPU.ActiveCfg = Debug|Any CPU
		{1A86E4A2-9971-4B42-BE53-831C81A7F55B}.Debug|Any CPU.Build.0 = Debug|Any CPU
		{1A86E4A2-9971-4B42-BE53-831C81A7F55B}.Release|Any CPU.ActiveCfg = Release|Any CPU
		{1A86E4A2-9971-4B42-BE53-831C81A7F55B}.Release|Any CPU.Build.0 = Release|Any CPU
		{AE40E6BC-E48D-4A30-8C62-6B309D9D3630}.Debug|Any CPU.ActiveCfg = Debug|Any CPU
		{AE40E6BC-E48D-4A30-8C62-6B309D9D3630}.Debug|Any CPU.Build.0 = Debug|Any CPU
		{AE40E6BC-E48D-4A30-8C62-6B309D9D3630}.Release|Any CPU.ActiveCfg = Release|Any CPU
		{AE40E6BC-E48D-4A30-8C62-6B309D9D3630}.Release|Any CPU.Build.0 = Release|Any CPU
		{6C582B52-4981-4655-96C5-016633573749}.Debug|Any CPU.ActiveCfg = Debug|Any CPU
		{6C582B52-4981-4655-96C5-016633573749}.Debug|Any CPU.Build.0 = Debug|Any CPU
		{6C582B52-4981-4655-96C5-016633573749}.Release|Any CPU.ActiveCfg = Release|Any CPU
		{6C582B52-4981-4655-96C5-016633573749}.Release|Any CPU.Build.0 = Release|Any CPU
		{22EB957F-03E5-46D3-9259-12BDE8C9B16C}.Debug|Any CPU.ActiveCfg = Debug|Any CPU
		{22EB957F-03E5-46D3-9259-12BDE8C9B16C}.Debug|Any CPU.Build.0 = Debug|Any CPU
		{22EB957F-03E5-46D3-9259-12BDE8C9B16C}.Release|Any CPU.ActiveCfg = Release|Any CPU
		{22EB957F-03E5-46D3-9259-12BDE8C9B16C}.Release|Any CPU.Build.0 = Release|Any CPU
		{B33CB715-4D44-4807-972C-DC79BE85B2A0}.Debug|Any CPU.ActiveCfg = Debug|Any CPU
		{B33CB715-4D44-4807-972C-DC79BE85B2A0}.Debug|Any CPU.Build.0 = Debug|Any CPU
		{B33CB715-4D44-4807-972C-DC79BE85B2A0}.Release|Any CPU.ActiveCfg = Release|Any CPU
		{B33CB715-4D44-4807-972C-DC79BE85B2A0}.Release|Any CPU.Build.0 = Release|Any CPU
		{DB1EA935-942B-4C5C-B0A1-7D34E4CDB8CA}.Debug|Any CPU.ActiveCfg = Debug|Any CPU
		{DB1EA935-942B-4C5C-B0A1-7D34E4CDB8CA}.Debug|Any CPU.Build.0 = Debug|Any CPU
		{DB1EA935-942B-4C5C-B0A1-7D34E4CDB8CA}.Release|Any CPU.ActiveCfg = Release|Any CPU
		{DB1EA935-942B-4C5C-B0A1-7D34E4CDB8CA}.Release|Any CPU.Build.0 = Release|Any CPU
		{C3280330-7C54-4808-8846-0DA6DBC46B45}.Debug|Any CPU.ActiveCfg = Debug|Any CPU
		{C3280330-7C54-4808-8846-0DA6DBC46B45}.Debug|Any CPU.Build.0 = Debug|Any CPU
		{C3280330-7C54-4808-8846-0DA6DBC46B45}.Release|Any CPU.ActiveCfg = Release|Any CPU
		{C3280330-7C54-4808-8846-0DA6DBC46B45}.Release|Any CPU.Build.0 = Release|Any CPU
		{C419B3B0-2AD6-42F6-963A-C28D433BFF79}.Debug|Any CPU.ActiveCfg = Debug|Any CPU
		{C419B3B0-2AD6-42F6-963A-C28D433BFF79}.Debug|Any CPU.Build.0 = Debug|Any CPU
		{C419B3B0-2AD6-42F6-963A-C28D433BFF79}.Release|Any CPU.ActiveCfg = Release|Any CPU
		{C419B3B0-2AD6-42F6-963A-C28D433BFF79}.Release|Any CPU.Build.0 = Release|Any CPU
		{DF455E11-B6B7-407F-9250-CEA81005347E}.Debug|Any CPU.ActiveCfg = Debug|Any CPU
		{DF455E11-B6B7-407F-9250-CEA81005347E}.Debug|Any CPU.Build.0 = Debug|Any CPU
		{DF455E11-B6B7-407F-9250-CEA81005347E}.Release|Any CPU.ActiveCfg = Release|Any CPU
		{DF455E11-B6B7-407F-9250-CEA81005347E}.Release|Any CPU.Build.0 = Release|Any CPU
		{6B3DBBBC-A82B-48B0-814A-1C20A38976D6}.Debug|Any CPU.ActiveCfg = Debug|Any CPU
		{6B3DBBBC-A82B-48B0-814A-1C20A38976D6}.Debug|Any CPU.Build.0 = Debug|Any CPU
		{6B3DBBBC-A82B-48B0-814A-1C20A38976D6}.Release|Any CPU.ActiveCfg = Release|Any CPU
		{6B3DBBBC-A82B-48B0-814A-1C20A38976D6}.Release|Any CPU.Build.0 = Release|Any CPU
		{8F6FD679-9598-49DB-B3B7-6D4881B50FE8}.Debug|Any CPU.ActiveCfg = Debug|Any CPU
		{8F6FD679-9598-49DB-B3B7-6D4881B50FE8}.Debug|Any CPU.Build.0 = Debug|Any CPU
		{8F6FD679-9598-49DB-B3B7-6D4881B50FE8}.Release|Any CPU.ActiveCfg = Release|Any CPU
		{8F6FD679-9598-49DB-B3B7-6D4881B50FE8}.Release|Any CPU.Build.0 = Release|Any CPU
		{C8246326-FB32-433B-98D8-F04612819427}.Debug|Any CPU.ActiveCfg = Debug|Any CPU
		{C8246326-FB32-433B-98D8-F04612819427}.Debug|Any CPU.Build.0 = Debug|Any CPU
		{C8246326-FB32-433B-98D8-F04612819427}.Release|Any CPU.ActiveCfg = Release|Any CPU
		{C8246326-FB32-433B-98D8-F04612819427}.Release|Any CPU.Build.0 = Release|Any CPU
		{0F4F7ADB-8EA6-481C-852C-62F15A8AA830}.Debug|Any CPU.ActiveCfg = Debug|Any CPU
		{0F4F7ADB-8EA6-481C-852C-62F15A8AA830}.Debug|Any CPU.Build.0 = Debug|Any CPU
		{0F4F7ADB-8EA6-481C-852C-62F15A8AA830}.Release|Any CPU.ActiveCfg = Release|Any CPU
		{0F4F7ADB-8EA6-481C-852C-62F15A8AA830}.Release|Any CPU.Build.0 = Release|Any CPU
		{84194AA7-F730-4D92-882A-C91655FF1DE0}.Debug|Any CPU.ActiveCfg = Debug|Any CPU
		{84194AA7-F730-4D92-882A-C91655FF1DE0}.Debug|Any CPU.Build.0 = Debug|Any CPU
		{84194AA7-F730-4D92-882A-C91655FF1DE0}.Release|Any CPU.ActiveCfg = Release|Any CPU
		{84194AA7-F730-4D92-882A-C91655FF1DE0}.Release|Any CPU.Build.0 = Release|Any CPU
		{50FB6FED-2639-4372-8553-4D7AD49DEC96}.Debug|Any CPU.ActiveCfg = Debug|Any CPU
		{50FB6FED-2639-4372-8553-4D7AD49DEC96}.Debug|Any CPU.Build.0 = Debug|Any CPU
		{50FB6FED-2639-4372-8553-4D7AD49DEC96}.Release|Any CPU.ActiveCfg = Release|Any CPU
		{50FB6FED-2639-4372-8553-4D7AD49DEC96}.Release|Any CPU.Build.0 = Release|Any CPU
		{664BF8DA-7D9A-4E94-8832-0A3EAE72A8E2}.Debug|Any CPU.ActiveCfg = Debug|Any CPU
		{664BF8DA-7D9A-4E94-8832-0A3EAE72A8E2}.Debug|Any CPU.Build.0 = Debug|Any CPU
		{664BF8DA-7D9A-4E94-8832-0A3EAE72A8E2}.Release|Any CPU.ActiveCfg = Release|Any CPU
		{664BF8DA-7D9A-4E94-8832-0A3EAE72A8E2}.Release|Any CPU.Build.0 = Release|Any CPU
	EndGlobalSection
	GlobalSection(SolutionProperties) = preSolution
		HideSolutionNode = FALSE
	EndGlobalSection
	GlobalSection(ExtensibilityGlobals) = postSolution
		SolutionGuid = {649F1000-822E-458E-9A9F-6AC16E322FC2}
	EndGlobalSection
EndGlobal
