
Microsoft Visual Studio Solution File, Format Version 12.00
# Visual Studio Version 16
VisualStudioVersion = 16.0.30413.136
MinimumVisualStudioVersion = 10.0.40219.1
Project("{FAE04EC0-301F-11D3-BF4B-00C04F79EFBC}") = "MaestraTerceros", "MaestraTerceros.csproj", "{BB59CF7A-A9D2-4E8D-8FF5-A883D995B81B}"
EndProject
Project("{FAE04EC0-301F-11D3-BF4B-00C04F79EFBC}") = "PasarSaldosContabilidad", "..\PasarSaldosContabilidad\PasarSaldosContabilidad.csproj", "{1A86E4A2-9971-4B42-BE53-831C81A7F55B}"
EndProject
Project("{FAE04EC0-301F-11D3-BF4B-00C04F79EFBC}") = "ReclasificacionActivosFijos", "..\ReclasificacionActivosFijos\ReclasificacionActivosFijos.csproj", "{6C582B52-4981-4655-96C5-016633573749}"
EndProject
Project("{FAE04EC0-301F-11D3-BF4B-00C04F79EFBC}") = "ReclasificacionContabilidad", "..\ReclasificacionContabilidad\ReclasificacionContabilidad.csproj", "{F7C27C3C-DC1B-4B51-A676-78777C2E4B09}"
EndProject
Project("{FAE04EC0-301F-11D3-BF4B-00C04F79EFBC}") = "BorrarDocumentoCO", "..\BorrarDocumentoCO\BorrarDocumentoCO.csproj", "{84A31958-41CE-44C5-914F-89745BC87013}"
EndProject
Project("{FAE04EC0-301F-11D3-BF4B-00C04F79EFBC}") = "ConsultaDocumento", "..\ConsultaDocumento\ConsultaDocumento.csproj", "{DDC55D56-4F4C-41E3-AFF3-6278569F9740}"
EndProject
Project("{FAE04EC0-301F-11D3-BF4B-00C04F79EFBC}") = "ReclasificacionInventario", "..\ReclasificacionInventario\ReclasificacionInventario.csproj", "{5A9C3F48-30FC-48B9-9486-C832E7FF8E6B}"
EndProject
Project("{FAE04EC0-301F-11D3-BF4B-00C04F79EFBC}") = "BorrarDocumentoIN", "..\BorrarDocumentoIN\BorrarDocumentoIN.csproj", "{E0B63C63-F348-4578-8553-2F6E30030B1A}"
EndProject
Project("{FAE04EC0-301F-11D3-BF4B-00C04F79EFBC}") = "ImportacionTerceros", "..\ImportacionTerceros\ImportacionTerceros.csproj", "{664BF8DA-7D9A-4E94-8832-0A3EAE72A8E2}"
EndProject
Project("{FAE04EC0-301F-11D3-BF4B-00C04F79EFBC}") = "ImportacionReferencias752", "..\ImportacionReferencias752\ImportacionReferencias752.csproj", "{E53CC694-5EE5-45A7-BEB0-FDD931879233}"
EndProject
Project("{FAE04EC0-301F-11D3-BF4B-00C04F79EFBC}") = "ImpresionDocumentos", "..\ImpresionDocumentos\ImpresionDocumentos.csproj", "{22EB957F-03E5-46D3-9259-12BDE8C9B16C}"
EndProject
Project("{FAE04EC0-301F-11D3-BF4B-00C04F79EFBC}") = "DeterioroCuentasPorCobrar", "..\DeterioroCuentasPorCobrar\DeterioroCuentasPorCobrar.csproj", "{84194AA7-F730-4D92-882A-C91655FF1DE0}"
EndProject
Project("{FAE04EC0-301F-11D3-BF4B-00C04F79EFBC}") = "ConsultaMovimientoDoc", "..\ConsultaMovimientoDoc\ConsultaMovimientoDoc.csproj", "{B33CB715-4D44-4807-972C-DC79BE85B2A0}"
EndProject
Project("{FAE04EC0-301F-11D3-BF4B-00C04F79EFBC}") = "NotasDocumentos", "..\NotasDocumentos\NotasDocumentos.csproj", "{6593055A-B120-40FB-A8B6-169FE83E13EE}"
EndProject
Project("{FAE04EC0-301F-11D3-BF4B-00C04F79EFBC}") = "PasarSaldosActivoFijos", "..\PasarSaldosActivoFijos\PasarSaldosActivoFijos.csproj", "{AE40E6BC-E48D-4A30-8C62-6B309D9D3630}"
EndProject
Project("{FAE04EC0-301F-11D3-BF4B-00C04F79EFBC}") = "BorrarDocumentoAF", "..\BorrarDocumentoAF\BorrarDocumentoAF.csproj", "{6ACFA856-C0F5-4178-BE50-2BDD22A57F0D}"
EndProject
Project("{FAE04EC0-301F-11D3-BF4B-00C04F79EFBC}") = "ImportacionRetirosActivosXLS", "..\ImportacionRetirosActivosXLS\ImportacionRetirosActivosXLS.csproj", "{7DB73E17-05E8-44A1-854A-5B67FD96324F}"
EndProject
Project("{FAE04EC0-301F-11D3-BF4B-00C04F79EFBC}") = "ImportacionTrasladosXls", "..\ImportacionTrasladosXls\ImportacionTrasladosXls.csproj", "{671925C5-5740-4F28-86C8-A7C4D051A012}"
EndProject
Project("{FAE04EC0-301F-11D3-BF4B-00C04F79EFBC}") = "EliminacionActivo", "..\EliminacionActivo\EliminacionActivo.csproj", "{A04551C6-6549-4B8C-BEE7-2CA331D8023E}"
EndProject
Project("{FAE04EC0-301F-11D3-BF4B-00C04F79EFBC}") = "AfResumenActivos", "..\AfResumenActivos\AfResumenActivos.csproj", "{9E8AEAB6-E9F2-4239-8020-85D4A6BD0AA8}"
EndProject
Global
	GlobalSection(SolutionConfigurationPlatforms) = preSolution
		Debug|Any CPU = Debug|Any CPU
		Release|Any CPU = Release|Any CPU
	EndGlobalSection
	GlobalSection(ProjectConfigurationPlatforms) = postSolution
		{BB59CF7A-A9D2-4E8D-8FF5-A883D995B81B}.Debug|Any CPU.ActiveCfg = Debug|Any CPU
		{BB59CF7A-A9D2-4E8D-8FF5-A883D995B81B}.Debug|Any CPU.Build.0 = Debug|Any CPU
		{BB59CF7A-A9D2-4E8D-8FF5-A883D995B81B}.Release|Any CPU.ActiveCfg = Release|Any CPU
		{BB59CF7A-A9D2-4E8D-8FF5-A883D995B81B}.Release|Any CPU.Build.0 = Release|Any CPU
		{1A86E4A2-9971-4B42-BE53-831C81A7F55B}.Debug|Any CPU.ActiveCfg = Debug|Any CPU
		{1A86E4A2-9971-4B42-BE53-831C81A7F55B}.Debug|Any CPU.Build.0 = Debug|Any CPU
		{1A86E4A2-9971-4B42-BE53-831C81A7F55B}.Release|Any CPU.ActiveCfg = Release|Any CPU
		{1A86E4A2-9971-4B42-BE53-831C81A7F55B}.Release|Any CPU.Build.0 = Release|Any CPU
		{6C582B52-4981-4655-96C5-016633573749}.Debug|Any CPU.ActiveCfg = Debug|Any CPU
		{6C582B52-4981-4655-96C5-016633573749}.Debug|Any CPU.Build.0 = Debug|Any CPU
		{6C582B52-4981-4655-96C5-016633573749}.Release|Any CPU.ActiveCfg = Release|Any CPU
		{6C582B52-4981-4655-96C5-016633573749}.Release|Any CPU.Build.0 = Release|Any CPU
		{F7C27C3C-DC1B-4B51-A676-78777C2E4B09}.Debug|Any CPU.ActiveCfg = Debug|Any CPU
		{F7C27C3C-DC1B-4B51-A676-78777C2E4B09}.Debug|Any CPU.Build.0 = Debug|Any CPU
		{F7C27C3C-DC1B-4B51-A676-78777C2E4B09}.Release|Any CPU.ActiveCfg = Release|Any CPU
		{F7C27C3C-DC1B-4B51-A676-78777C2E4B09}.Release|Any CPU.Build.0 = Release|Any CPU
		{84A31958-41CE-44C5-914F-89745BC87013}.Debug|Any CPU.ActiveCfg = Debug|Any CPU
		{84A31958-41CE-44C5-914F-89745BC87013}.Debug|Any CPU.Build.0 = Debug|Any CPU
		{84A31958-41CE-44C5-914F-89745BC87013}.Release|Any CPU.ActiveCfg = Release|Any CPU
		{84A31958-41CE-44C5-914F-89745BC87013}.Release|Any CPU.Build.0 = Release|Any CPU
		{DDC55D56-4F4C-41E3-AFF3-6278569F9740}.Debug|Any CPU.ActiveCfg = Debug|Any CPU
		{DDC55D56-4F4C-41E3-AFF3-6278569F9740}.Debug|Any CPU.Build.0 = Debug|Any CPU
		{DDC55D56-4F4C-41E3-AFF3-6278569F9740}.Release|Any CPU.ActiveCfg = Release|Any CPU
		{DDC55D56-4F4C-41E3-AFF3-6278569F9740}.Release|Any CPU.Build.0 = Release|Any CPU
		{5A9C3F48-30FC-48B9-9486-C832E7FF8E6B}.Debug|Any CPU.ActiveCfg = Debug|Any CPU
		{5A9C3F48-30FC-48B9-9486-C832E7FF8E6B}.Debug|Any CPU.Build.0 = Debug|Any CPU
		{5A9C3F48-30FC-48B9-9486-C832E7FF8E6B}.Release|Any CPU.ActiveCfg = Release|Any CPU
		{5A9C3F48-30FC-48B9-9486-C832E7FF8E6B}.Release|Any CPU.Build.0 = Release|Any CPU
		{E0B63C63-F348-4578-8553-2F6E30030B1A}.Debug|Any CPU.ActiveCfg = Debug|Any CPU
		{E0B63C63-F348-4578-8553-2F6E30030B1A}.Debug|Any CPU.Build.0 = Debug|Any CPU
		{E0B63C63-F348-4578-8553-2F6E30030B1A}.Release|Any CPU.ActiveCfg = Release|Any CPU
		{E0B63C63-F348-4578-8553-2F6E30030B1A}.Release|Any CPU.Build.0 = Release|Any CPU
		{664BF8DA-7D9A-4E94-8832-0A3EAE72A8E2}.Debug|Any CPU.ActiveCfg = Debug|Any CPU
		{664BF8DA-7D9A-4E94-8832-0A3EAE72A8E2}.Debug|Any CPU.Build.0 = Debug|Any CPU
		{664BF8DA-7D9A-4E94-8832-0A3EAE72A8E2}.Release|Any CPU.ActiveCfg = Release|Any CPU
		{664BF8DA-7D9A-4E94-8832-0A3EAE72A8E2}.Release|Any CPU.Build.0 = Release|Any CPU
		{E53CC694-5EE5-45A7-BEB0-FDD931879233}.Debug|Any CPU.ActiveCfg = Debug|Any CPU
		{E53CC694-5EE5-45A7-BEB0-FDD931879233}.Debug|Any CPU.Build.0 = Debug|Any CPU
		{E53CC694-5EE5-45A7-BEB0-FDD931879233}.Release|Any CPU.ActiveCfg = Release|Any CPU
		{E53CC694-5EE5-45A7-BEB0-FDD931879233}.Release|Any CPU.Build.0 = Release|Any CPU
		{22EB957F-03E5-46D3-9259-12BDE8C9B16C}.Debug|Any CPU.ActiveCfg = Debug|Any CPU
		{22EB957F-03E5-46D3-9259-12BDE8C9B16C}.Debug|Any CPU.Build.0 = Debug|Any CPU
		{22EB957F-03E5-46D3-9259-12BDE8C9B16C}.Release|Any CPU.ActiveCfg = Release|Any CPU
		{22EB957F-03E5-46D3-9259-12BDE8C9B16C}.Release|Any CPU.Build.0 = Release|Any CPU
		{84194AA7-F730-4D92-882A-C91655FF1DE0}.Debug|Any CPU.ActiveCfg = Debug|Any CPU
		{84194AA7-F730-4D92-882A-C91655FF1DE0}.Debug|Any CPU.Build.0 = Debug|Any CPU
		{84194AA7-F730-4D92-882A-C91655FF1DE0}.Release|Any CPU.ActiveCfg = Release|Any CPU
		{84194AA7-F730-4D92-882A-C91655FF1DE0}.Release|Any CPU.Build.0 = Release|Any CPU
		{B33CB715-4D44-4807-972C-DC79BE85B2A0}.Debug|Any CPU.ActiveCfg = Debug|Any CPU
		{B33CB715-4D44-4807-972C-DC79BE85B2A0}.Debug|Any CPU.Build.0 = Debug|Any CPU
		{B33CB715-4D44-4807-972C-DC79BE85B2A0}.Release|Any CPU.ActiveCfg = Release|Any CPU
		{B33CB715-4D44-4807-972C-DC79BE85B2A0}.Release|Any CPU.Build.0 = Release|Any CPU
		{6593055A-B120-40FB-A8B6-169FE83E13EE}.Debug|Any CPU.ActiveCfg = Debug|Any CPU
		{6593055A-B120-40FB-A8B6-169FE83E13EE}.Debug|Any CPU.Build.0 = Debug|Any CPU
		{6593055A-B120-40FB-A8B6-169FE83E13EE}.Release|Any CPU.ActiveCfg = Release|Any CPU
		{6593055A-B120-40FB-A8B6-169FE83E13EE}.Release|Any CPU.Build.0 = Release|Any CPU
		{AE40E6BC-E48D-4A30-8C62-6B309D9D3630}.Debug|Any CPU.ActiveCfg = Debug|Any CPU
		{AE40E6BC-E48D-4A30-8C62-6B309D9D3630}.Debug|Any CPU.Build.0 = Debug|Any CPU
		{AE40E6BC-E48D-4A30-8C62-6B309D9D3630}.Release|Any CPU.ActiveCfg = Release|Any CPU
		{AE40E6BC-E48D-4A30-8C62-6B309D9D3630}.Release|Any CPU.Build.0 = Release|Any CPU
		{6ACFA856-C0F5-4178-BE50-2BDD22A57F0D}.Debug|Any CPU.ActiveCfg = Debug|Any CPU
		{6ACFA856-C0F5-4178-BE50-2BDD22A57F0D}.Debug|Any CPU.Build.0 = Debug|Any CPU
		{6ACFA856-C0F5-4178-BE50-2BDD22A57F0D}.Release|Any CPU.ActiveCfg = Release|Any CPU
		{6ACFA856-C0F5-4178-BE50-2BDD22A57F0D}.Release|Any CPU.Build.0 = Release|Any CPU
		{7DB73E17-05E8-44A1-854A-5B67FD96324F}.Debug|Any CPU.ActiveCfg = Debug|Any CPU
		{7DB73E17-05E8-44A1-854A-5B67FD96324F}.Debug|Any CPU.Build.0 = Debug|Any CPU
		{7DB73E17-05E8-44A1-854A-5B67FD96324F}.Release|Any CPU.ActiveCfg = Release|Any CPU
		{7DB73E17-05E8-44A1-854A-5B67FD96324F}.Release|Any CPU.Build.0 = Release|Any CPU
		{671925C5-5740-4F28-86C8-A7C4D051A012}.Debug|Any CPU.ActiveCfg = Debug|Any CPU
		{671925C5-5740-4F28-86C8-A7C4D051A012}.Debug|Any CPU.Build.0 = Debug|Any CPU
		{671925C5-5740-4F28-86C8-A7C4D051A012}.Release|Any CPU.ActiveCfg = Release|Any CPU
		{671925C5-5740-4F28-86C8-A7C4D051A012}.Release|Any CPU.Build.0 = Release|Any CPU
		{A04551C6-6549-4B8C-BEE7-2CA331D8023E}.Debug|Any CPU.ActiveCfg = Debug|Any CPU
		{A04551C6-6549-4B8C-BEE7-2CA331D8023E}.Debug|Any CPU.Build.0 = Debug|Any CPU
		{A04551C6-6549-4B8C-BEE7-2CA331D8023E}.Release|Any CPU.ActiveCfg = Release|Any CPU
		{A04551C6-6549-4B8C-BEE7-2CA331D8023E}.Release|Any CPU.Build.0 = Release|Any CPU
		{9E8AEAB6-E9F2-4239-8020-85D4A6BD0AA8}.Debug|Any CPU.ActiveCfg = Debug|Any CPU
		{9E8AEAB6-E9F2-4239-8020-85D4A6BD0AA8}.Debug|Any CPU.Build.0 = Debug|Any CPU
		{9E8AEAB6-E9F2-4239-8020-85D4A6BD0AA8}.Release|Any CPU.ActiveCfg = Release|Any CPU
		{9E8AEAB6-E9F2-4239-8020-85D4A6BD0AA8}.Release|Any CPU.Build.0 = Release|Any CPU
	EndGlobalSection
	GlobalSection(SolutionProperties) = preSolution
		HideSolutionNode = FALSE
	EndGlobalSection
	GlobalSection(ExtensibilityGlobals) = postSolution
		SolutionGuid = {649F1000-822E-458E-9A9F-6AC16E322FC2}
	EndGlobalSection
EndGlobal
