
Microsoft Visual Studio Solution File, Format Version 12.00
# Visual Studio Version 16
VisualStudioVersion = 16.0.30523.141
MinimumVisualStudioVersion = 10.0.40219.1
Project("{FAE04EC0-301F-11D3-BF4B-00C04F79EFBC}") = "MaestraDiferidos", "MaestraDiferidos.csproj", "{C3280330-7C54-4808-8846-0DA6DBC46B45}"
EndProject
Project("{FAE04EC0-301F-11D3-BF4B-00C04F79EFBC}") = "MaestraTerceros", "..\MaestraTerceros\MaestraTerceros.csproj", "{BB59CF7A-A9D2-4E8D-8FF5-A883D995B81B}"
EndProject
Project("{FAE04EC0-301F-11D3-BF4B-00C04F79EFBC}") = "MaestraTipoCredito", "..\MaestraTipoCredito\MaestraTipoCredito.csproj", "{1475C087-58F2-4783-BADC-32A17F1998FF}"
EndProject
Project("{FAE04EC0-301F-11D3-BF4B-00C04F79EFBC}") = "MaestraBasesAuxilio", "..\MaestraBasesAuxilio\MaestraBasesAuxilio.csproj", "{EE594A07-D5D6-444B-B23F-2AF343F92420}"
EndProject
Project("{FAE04EC0-301F-11D3-BF4B-00C04F79EFBC}") = "CreacionLinGruSubGrProducto", "..\CreacionLinGruSubGrProducto\CreacionLinGruSubGrProducto.csproj", "{E52B2274-EA61-4D0E-BCFB-CDBA48B1DBDD}"
EndProject
Global
	GlobalSection(SolutionConfigurationPlatforms) = preSolution
		Debug|Any CPU = Debug|Any CPU
		Release|Any CPU = Release|Any CPU
	EndGlobalSection
	GlobalSection(ProjectConfigurationPlatforms) = postSolution
		{C3280330-7C54-4808-8846-0DA6DBC46B45}.Debug|Any CPU.ActiveCfg = Debug|Any CPU
		{C3280330-7C54-4808-8846-0DA6DBC46B45}.Debug|Any CPU.Build.0 = Debug|Any CPU
		{C3280330-7C54-4808-8846-0DA6DBC46B45}.Release|Any CPU.ActiveCfg = Release|Any CPU
		{C3280330-7C54-4808-8846-0DA6DBC46B45}.Release|Any CPU.Build.0 = Release|Any CPU
		{BB59CF7A-A9D2-4E8D-8FF5-A883D995B81B}.Debug|Any CPU.ActiveCfg = Debug|Any CPU
		{BB59CF7A-A9D2-4E8D-8FF5-A883D995B81B}.Debug|Any CPU.Build.0 = Debug|Any CPU
		{BB59CF7A-A9D2-4E8D-8FF5-A883D995B81B}.Release|Any CPU.ActiveCfg = Release|Any CPU
		{BB59CF7A-A9D2-4E8D-8FF5-A883D995B81B}.Release|Any CPU.Build.0 = Release|Any CPU
		{1475C087-58F2-4783-BADC-32A17F1998FF}.Debug|Any CPU.ActiveCfg = Debug|Any CPU
		{1475C087-58F2-4783-BADC-32A17F1998FF}.Debug|Any CPU.Build.0 = Debug|Any CPU
		{1475C087-58F2-4783-BADC-32A17F1998FF}.Release|Any CPU.ActiveCfg = Release|Any CPU
		{1475C087-58F2-4783-BADC-32A17F1998FF}.Release|Any CPU.Build.0 = Release|Any CPU
		{EE594A07-D5D6-444B-B23F-2AF343F92420}.Debug|Any CPU.ActiveCfg = Debug|Any CPU
		{EE594A07-D5D6-444B-B23F-2AF343F92420}.Debug|Any CPU.Build.0 = Debug|Any CPU
		{EE594A07-D5D6-444B-B23F-2AF343F92420}.Release|Any CPU.ActiveCfg = Release|Any CPU
		{EE594A07-D5D6-444B-B23F-2AF343F92420}.Release|Any CPU.Build.0 = Release|Any CPU
		{E52B2274-EA61-4D0E-BCFB-CDBA48B1DBDD}.Debug|Any CPU.ActiveCfg = Debug|Any CPU
		{E52B2274-EA61-4D0E-BCFB-CDBA48B1DBDD}.Debug|Any CPU.Build.0 = Debug|Any CPU
		{E52B2274-EA61-4D0E-BCFB-CDBA48B1DBDD}.Release|Any CPU.ActiveCfg = Release|Any CPU
		{E52B2274-EA61-4D0E-BCFB-CDBA48B1DBDD}.Release|Any CPU.Build.0 = Release|Any CPU
	EndGlobalSection
	GlobalSection(SolutionProperties) = preSolution
		HideSolutionNode = FALSE
	EndGlobalSection
	GlobalSection(ExtensibilityGlobals) = postSolution
		SolutionGuid = {450BA847-1A0A-45D0-AD2F-F21BC504548A}
	EndGlobalSection
EndGlobal
